
Microsoft Visual Studio Solution File, Format Version 12.00
Project("{2150E333-8FDC-42A3-9474-1A3956D46DE8}") = "Delta.Domain", "Delta.Domain", "{A3367B64-8F48-4040-B1D9-430E7437C32D}"
EndProject
Project("{2150E333-8FDC-42A3-9474-1A3956D46DE8}") = "Delta.Infrastructure", "Delta.Infrastructure", "{AC9E2E9C-0C92-4A3C-862E-123BC0435BA1}"
EndProject
Project("{2150E333-8FDC-42A3-9474-1A3956D46DE8}") = "Delta.MVC", "Delta.MVC", "{A955A249-0336-427E-BB4C-DAD5744BE235}"
EndProject
Project("{FAE04EC0-301F-11D3-BF4B-00C04F79EFBC}") = "Delta.Model", "Delta.Model\Delta.Model.csproj", "{BD93F332-4C65-4860-803A-E26A22891444}"
EndProject
Project("{FAE04EC0-301F-11D3-BF4B-00C04F79EFBC}") = "Delta.Core", "Delta.Core\Delta.Core.csproj", "{6D80E26E-7346-488B-965C-A45EB03EDB74}"
EndProject
Project("{FAE04EC0-301F-11D3-BF4B-00C04F79EFBC}") = "Delta.WebApp", "Delta.WebApp\Delta.WebApp.csproj", "{C5D9BEC6-A7EB-40FA-BFFA-A5614FD2F0D1}"
EndProject
Project("{FAE04EC0-301F-11D3-BF4B-00C04F79EFBC}") = "Delta.DataAccess", "Delta.DataAccess\Delta.DataAccess.csproj", "{93E024D9-7555-4C6B-B92E-50BBA571D57E}"
EndProject
Project("{FAE04EC0-301F-11D3-BF4B-00C04F79EFBC}") = "Delta.Trinity", "Delta.Trinity\Delta.Trinity.csproj", "{CE8E74FF-B9D6-4B62-B0C9-D5C0E3E6CBF3}"
EndProject
Project("{FAE04EC0-301F-11D3-BF4B-00C04F79EFBC}") = "Delta.Sourcing", "Delta.Sourcing\Delta.Sourcing.csproj", "{532EA6A5-10E1-42B0-B74A-0CCC08AE1E6B}"
EndProject
Project("{FAE04EC0-301F-11D3-BF4B-00C04F79EFBC}") = "Delta.Querying", "Delta.Querying\Delta.Querying.csproj", "{DD0A9E49-1BFB-4133-8DD3-EB3A254F20B3}"
EndProject
Project("{FAE04EC0-301F-11D3-BF4B-00C04F79EFBC}") = "Delta.Application", "Delta.Application\Delta.Application.csproj", "{CD344AAB-2DBD-49A8-AF46-EDE7F411945E}"
EndProject
Global
	GlobalSection(SolutionConfigurationPlatforms) = preSolution
		Debug|Any CPU = Debug|Any CPU
		Release|Any CPU = Release|Any CPU
	EndGlobalSection
	GlobalSection(NestedProjects) = preSolution
		{BD93F332-4C65-4860-803A-E26A22891444} = {A3367B64-8F48-4040-B1D9-430E7437C32D}
		{6D80E26E-7346-488B-965C-A45EB03EDB74} = {A3367B64-8F48-4040-B1D9-430E7437C32D}
		{C5D9BEC6-A7EB-40FA-BFFA-A5614FD2F0D1} = {A955A249-0336-427E-BB4C-DAD5744BE235}
		{93E024D9-7555-4C6B-B92E-50BBA571D57E} = {AC9E2E9C-0C92-4A3C-862E-123BC0435BA1}
		{CE8E74FF-B9D6-4B62-B0C9-D5C0E3E6CBF3} = {A3367B64-8F48-4040-B1D9-430E7437C32D}
		{532EA6A5-10E1-42B0-B74A-0CCC08AE1E6B} = {AC9E2E9C-0C92-4A3C-862E-123BC0435BA1}
		{DD0A9E49-1BFB-4133-8DD3-EB3A254F20B3} = {AC9E2E9C-0C92-4A3C-862E-123BC0435BA1}
		{CD344AAB-2DBD-49A8-AF46-EDE7F411945E} = {A955A249-0336-427E-BB4C-DAD5744BE235}
	EndGlobalSection
	GlobalSection(ProjectConfigurationPlatforms) = postSolution
		{BD93F332-4C65-4860-803A-E26A22891444}.Debug|Any CPU.ActiveCfg = Debug|Any CPU
		{BD93F332-4C65-4860-803A-E26A22891444}.Debug|Any CPU.Build.0 = Debug|Any CPU
		{BD93F332-4C65-4860-803A-E26A22891444}.Release|Any CPU.ActiveCfg = Release|Any CPU
		{BD93F332-4C65-4860-803A-E26A22891444}.Release|Any CPU.Build.0 = Release|Any CPU
		{6D80E26E-7346-488B-965C-A45EB03EDB74}.Debug|Any CPU.ActiveCfg = Debug|Any CPU
		{6D80E26E-7346-488B-965C-A45EB03EDB74}.Debug|Any CPU.Build.0 = Debug|Any CPU
		{6D80E26E-7346-488B-965C-A45EB03EDB74}.Release|Any CPU.ActiveCfg = Release|Any CPU
		{6D80E26E-7346-488B-965C-A45EB03EDB74}.Release|Any CPU.Build.0 = Release|Any CPU
		{C5D9BEC6-A7EB-40FA-BFFA-A5614FD2F0D1}.Debug|Any CPU.ActiveCfg = Debug|Any CPU
		{C5D9BEC6-A7EB-40FA-BFFA-A5614FD2F0D1}.Debug|Any CPU.Build.0 = Debug|Any CPU
		{C5D9BEC6-A7EB-40FA-BFFA-A5614FD2F0D1}.Release|Any CPU.ActiveCfg = Release|Any CPU
		{C5D9BEC6-A7EB-40FA-BFFA-A5614FD2F0D1}.Release|Any CPU.Build.0 = Release|Any CPU
		{93E024D9-7555-4C6B-B92E-50BBA571D57E}.Debug|Any CPU.ActiveCfg = Debug|Any CPU
		{93E024D9-7555-4C6B-B92E-50BBA571D57E}.Debug|Any CPU.Build.0 = Debug|Any CPU
		{93E024D9-7555-4C6B-B92E-50BBA571D57E}.Release|Any CPU.ActiveCfg = Release|Any CPU
		{93E024D9-7555-4C6B-B92E-50BBA571D57E}.Release|Any CPU.Build.0 = Release|Any CPU
		{CE8E74FF-B9D6-4B62-B0C9-D5C0E3E6CBF3}.Debug|Any CPU.ActiveCfg = Debug|Any CPU
		{CE8E74FF-B9D6-4B62-B0C9-D5C0E3E6CBF3}.Debug|Any CPU.Build.0 = Debug|Any CPU
		{CE8E74FF-B9D6-4B62-B0C9-D5C0E3E6CBF3}.Release|Any CPU.ActiveCfg = Release|Any CPU
		{CE8E74FF-B9D6-4B62-B0C9-D5C0E3E6CBF3}.Release|Any CPU.Build.0 = Release|Any CPU
		{532EA6A5-10E1-42B0-B74A-0CCC08AE1E6B}.Debug|Any CPU.ActiveCfg = Debug|Any CPU
		{532EA6A5-10E1-42B0-B74A-0CCC08AE1E6B}.Debug|Any CPU.Build.0 = Debug|Any CPU
		{532EA6A5-10E1-42B0-B74A-0CCC08AE1E6B}.Release|Any CPU.ActiveCfg = Release|Any CPU
		{532EA6A5-10E1-42B0-B74A-0CCC08AE1E6B}.Release|Any CPU.Build.0 = Release|Any CPU
		{DD0A9E49-1BFB-4133-8DD3-EB3A254F20B3}.Debug|Any CPU.ActiveCfg = Debug|Any CPU
		{DD0A9E49-1BFB-4133-8DD3-EB3A254F20B3}.Debug|Any CPU.Build.0 = Debug|Any CPU
		{DD0A9E49-1BFB-4133-8DD3-EB3A254F20B3}.Release|Any CPU.ActiveCfg = Release|Any CPU
		{DD0A9E49-1BFB-4133-8DD3-EB3A254F20B3}.Release|Any CPU.Build.0 = Release|Any CPU
		{CD344AAB-2DBD-49A8-AF46-EDE7F411945E}.Debug|Any CPU.ActiveCfg = Debug|Any CPU
		{CD344AAB-2DBD-49A8-AF46-EDE7F411945E}.Debug|Any CPU.Build.0 = Debug|Any CPU
		{CD344AAB-2DBD-49A8-AF46-EDE7F411945E}.Release|Any CPU.ActiveCfg = Release|Any CPU
		{CD344AAB-2DBD-49A8-AF46-EDE7F411945E}.Release|Any CPU.Build.0 = Release|Any CPU
	EndGlobalSection
EndGlobal
